{
  "nodes": {
    "blade-treesitter": {
      "flake": false,
      "locked": {
        "lastModified": 1733746012,
        "narHash": "sha256-N3QUylMqhX5aZGyIx1zfMe4xZRAwwE7e4MyhOiawCXw=",
        "owner": "EmranMR",
        "repo": "tree-sitter-blade",
        "rev": "47baa7ba1f9d5f436c7a72b052d2dac2166abf92",
        "type": "github"
      },
      "original": {
        "owner": "EmranMR",
        "repo": "tree-sitter-blade",
        "type": "github"
      }
    },
    "nixCats": {
      "locked": {
        "lastModified": 1737980881,
        "narHash": "sha256-uYATpq3kzlhzXo6bI2l/DtZWY2E7l7RF4L62MM4/K1Y=",
        "owner": "BirdeeHub",
        "repo": "nixCats-nvim",
        "rev": "b4c4222345c57f93be7263b26c87707d91a626cb",
        "type": "github"
      },
      "original": {
        "owner": "BirdeeHub",
        "repo": "nixCats-nvim",
        "type": "github"
      }
    },
    "nixpkgs": {
      "locked": {
        "lastModified": 1737942377,
        "narHash": "sha256-8Eo/jRAgT3CbAloyqOj6uPN1EqBvLI/Tv2g+RxHjkhU=",
        "owner": "nixos",
        "repo": "nixpkgs",
        "rev": "88a55dffa4d44d294c74c298daf75824dc0aafb5",
        "type": "github"
      },
      "original": {
        "owner": "nixos",
        "ref": "nixpkgs-unstable",
        "repo": "nixpkgs",
        "type": "github"
      }
    },
    "plugins-laravel.nvim": {
      "flake": false,
      "locked": {
        "lastModified": 1738184261,
        "narHash": "sha256-xl/cIqBkGO0ecNfm6myHHMe5+YQSxrcgHOIc9g+JeFM=",
        "owner": "adalessa",
        "repo": "laravel.nvim",
        "rev": "8bcf9e5dad38d31ca6938fc97d6ed5d8e9e33e4f",
        "type": "github"
      },
      "original": {
        "owner": "adalessa",
        "repo": "laravel.nvim",
        "type": "github"
      }
    },
    "root": {
      "inputs": {
        "blade-treesitter": "blade-treesitter",
        "nixCats": "nixCats",
        "nixpkgs": "nixpkgs",
        "plugins-laravel.nvim": "plugins-laravel.nvim"
      }
    }
  },
  "root": "root",
  "version": 7
}
