{
  "nodes": {
    "blade-treesitter": {
      "flake": false,
      "locked": {
        "lastModified": 1745089943,
        "narHash": "sha256-zBdE6yP4DATApkf7UDGFBiQbIAuvQo0EMVf/jiXoCOQ=",
        "owner": "EmranMR",
        "repo": "tree-sitter-blade",
        "rev": "fbe5f81b54f0f6153961824ce306ffc805134980",
        "type": "github"
      },
      "original": {
        "owner": "EmranMR",
        "repo": "tree-sitter-blade",
        "type": "github"
      }
    },
    "nixCats": {
      "locked": {
        "lastModified": 1745277833,
        "narHash": "sha256-Br91+NLL/Wc+B9p19Yr6WXrz0uRQ/Or/X4XQxlzFf4E=",
        "owner": "BirdeeHub",
        "repo": "nixCats-nvim",
        "rev": "e94f31ad8a49fb6f7c9b87cbaf83f478d929cf28",
        "type": "github"
      },
      "original": {
        "owner": "BirdeeHub",
        "repo": "nixCats-nvim",
        "type": "github"
      }
    },
    "nixpkgs": {
      "locked": {
        "lastModified": 1744868846,
        "narHash": "sha256-5RJTdUHDmj12Qsv7XOhuospjAjATNiTMElplWnJE9Hs=",
        "owner": "nixos",
        "repo": "nixpkgs",
        "rev": "ebe4301cbd8f81c4f8d3244b3632338bbeb6d49c",
        "type": "github"
      },
      "original": {
        "owner": "nixos",
        "ref": "nixpkgs-unstable",
        "repo": "nixpkgs",
        "type": "github"
      }
    },
    "nixpkgs-stable": {
      "locked": {
        "lastModified": 1744440957,
        "narHash": "sha256-FHlSkNqFmPxPJvy+6fNLaNeWnF1lZSgqVCl/eWaJRc4=",
        "owner": "nixos",
        "repo": "nixpkgs",
        "rev": "26d499fc9f1d567283d5d56fcf367edd815dba1d",
        "type": "github"
      },
      "original": {
        "owner": "nixos",
        "ref": "nixos-24.11",
        "repo": "nixpkgs",
        "type": "github"
      }
    },
    "phpactor-laravel": {
      "flake": false,
      "locked": {
        "lastModified": 1744481407,
        "narHash": "sha256-FAe1ECEdqilWxvKYgjvH79cMHYZpMklvG1oFn0qJMNE=",
        "owner": "adalessa",
        "repo": "phpactor",
        "rev": "49d345a320148c13f1e78f6701a04f845a7509d8",
        "type": "github"
      },
      "original": {
        "owner": "adalessa",
        "ref": "feature/laravel-extension",
        "repo": "phpactor",
        "type": "github"
      }
    },
    "plugins-git-worktree.nvim": {
      "flake": false,
      "locked": {
        "lastModified": 1739627460,
        "narHash": "sha256-fnqJqQTNei+8Gk4vZ2hjRj8iHBXTZT15xp9FvhGB+BQ=",
        "owner": "polarmutex",
        "repo": "git-worktree.nvim",
        "rev": "3ad8c17a3d178ac19be925284389c14114638ebb",
        "type": "github"
      },
      "original": {
        "owner": "polarmutex",
        "repo": "git-worktree.nvim",
        "type": "github"
      }
    },
    "plugins-goose.nvim": {
      "flake": false,
      "locked": {
        "lastModified": 1745241258,
        "narHash": "sha256-0FGIcCM7WSfYYLTc2xI4e6eRaoCGDmZYpHbmcwFFVZU=",
        "owner": "azorng",
        "repo": "goose.nvim",
        "rev": "c9bf909cde2add986b7148a6a6424f1cb41d4170",
        "type": "github"
      },
      "original": {
        "owner": "azorng",
        "repo": "goose.nvim",
        "type": "github"
      }
    },
    "plugins-laravel.nvim": {
      "flake": false,
      "locked": {
        "lastModified": 1743445528,
        "narHash": "sha256-wStybbYCULqy5yROBOAGpc1LOSuFW84xkTJDpheUiCk=",
        "owner": "adalessa",
        "repo": "laravel.nvim",
        "rev": "b8df6033e662260242d9e21cc9fd9c820bb2cedd",
        "type": "github"
      },
      "original": {
        "owner": "adalessa",
        "repo": "laravel.nvim",
        "type": "github"
      }
    },
    "plugins-menu": {
      "flake": false,
      "locked": {
        "lastModified": 1744566899,
        "narHash": "sha256-VJsUyyNBdvNU8AdxrmwVyYxSLixRbj4tX4trI6sruns=",
        "owner": "nvzone",
        "repo": "menu",
        "rev": "8adb036ec34c679050913864cbc98cc64eb91f6c",
        "type": "github"
      },
      "original": {
        "owner": "nvzone",
        "repo": "menu",
        "type": "github"
      }
    },
    "plugins-neotest-pest": {
      "flake": false,
      "locked": {
        "lastModified": 1718118945,
        "narHash": "sha256-uSPrvZPCjBhoAYTnAUQdMZ/CSosyRkj4itSQDZgthZ4=",
        "owner": "V13Axel",
        "repo": "neotest-pest",
        "rev": "b665a4881c706eea476fcaf79a21996e9b65514d",
        "type": "github"
      },
      "original": {
        "owner": "V13Axel",
        "repo": "neotest-pest",
        "type": "github"
      }
    },
    "plugins-php-lsp-utils": {
      "flake": false,
      "locked": {
        "lastModified": 1744612476,
        "narHash": "sha256-fNtlsTwSUJ69cXOpjMIxD7sZdVgn+dMHdhrgn7VcuV8=",
        "owner": "adalessa",
        "repo": "php-lsp-utils",
        "rev": "02ce97a78fe886b7fc27242086034bf3be562f6a",
        "type": "github"
      },
      "original": {
        "owner": "adalessa",
        "repo": "php-lsp-utils",
        "type": "github"
      }
    },
    "plugins-snacks.nvim": {
      "flake": false,
      "locked": {
        "lastModified": 1740868622,
        "narHash": "sha256-Gw0Bp2YeoESiBLs3NPnqke3xwEjuiQDDU1CPofrhtig=",
        "owner": "folke",
        "repo": "snacks.nvim",
        "rev": "bc0630e43be5699bb94dadc302c0d21615421d93",
        "type": "github"
      },
      "original": {
        "owner": "folke",
        "repo": "snacks.nvim",
        "type": "github"
      }
    },
    "plugins-volt": {
      "flake": false,
      "locked": {
        "lastModified": 1744335032,
        "narHash": "sha256-6zbcJAY1kH5SyHw1J2GZEFvD8iJvkhBDwMCnIfW1olc=",
        "owner": "nvzone",
        "repo": "volt",
        "rev": "c45d5f48da8e802e608b5c6da471ca4d84276dfb",
        "type": "github"
      },
      "original": {
        "owner": "nvzone",
        "repo": "volt",
        "type": "github"
      }
    },
    "root": {
      "inputs": {
        "blade-treesitter": "blade-treesitter",
        "nixCats": "nixCats",
        "nixpkgs": "nixpkgs",
        "nixpkgs-stable": "nixpkgs-stable",
        "phpactor-laravel": "phpactor-laravel",
        "plugins-git-worktree.nvim": "plugins-git-worktree.nvim",
        "plugins-goose.nvim": "plugins-goose.nvim",
        "plugins-laravel.nvim": "plugins-laravel.nvim",
        "plugins-menu": "plugins-menu",
        "plugins-neotest-pest": "plugins-neotest-pest",
        "plugins-php-lsp-utils": "plugins-php-lsp-utils",
        "plugins-snacks.nvim": "plugins-snacks.nvim",
        "plugins-volt": "plugins-volt"
      }
    }
  },
  "root": "root",
  "version": 7
}
