{
  "nodes": {
    "blade-treesitter": {
      "flake": false,
      "locked": {
        "lastModified": 1745089943,
        "narHash": "sha256-zBdE6yP4DATApkf7UDGFBiQbIAuvQo0EMVf/jiXoCOQ=",
        "owner": "EmranMR",
        "repo": "tree-sitter-blade",
        "rev": "fbe5f81b54f0f6153961824ce306ffc805134980",
        "type": "github"
      },
      "original": {
        "owner": "EmranMR",
        "repo": "tree-sitter-blade",
        "type": "github"
      }
    },
    "flake-parts": {
      "inputs": {
        "nixpkgs-lib": [
          "mcp-hub",
          "nixpkgs"
        ]
      },
      "locked": {
        "lastModified": 1743550720,
        "narHash": "sha256-hIshGgKZCgWh6AYJpJmRgFdR3WUbkY04o82X05xqQiY=",
        "owner": "hercules-ci",
        "repo": "flake-parts",
        "rev": "c621e8422220273271f52058f618c94e405bb0f5",
        "type": "github"
      },
      "original": {
        "owner": "hercules-ci",
        "repo": "flake-parts",
        "type": "github"
      }
    },
    "flake-parts_2": {
      "inputs": {
        "nixpkgs-lib": [
          "mcp-hub-nvim",
          "nixpkgs"
        ]
      },
      "locked": {
        "lastModified": 1743550720,
        "narHash": "sha256-hIshGgKZCgWh6AYJpJmRgFdR3WUbkY04o82X05xqQiY=",
        "owner": "hercules-ci",
        "repo": "flake-parts",
        "rev": "c621e8422220273271f52058f618c94e405bb0f5",
        "type": "github"
      },
      "original": {
        "owner": "hercules-ci",
        "repo": "flake-parts",
        "type": "github"
      }
    },
    "mcp-hub": {
      "inputs": {
        "flake-parts": "flake-parts",
        "nixpkgs": "nixpkgs"
      },
      "locked": {
        "lastModified": 1750227155,
        "narHash": "sha256-MyKZ9I39x26ZIjaciVqz6GB9V/NPNf9faTOzzEQcZWQ=",
        "owner": "ravitemer",
        "repo": "mcp-hub",
        "rev": "2bc5d88405028b8d038dd37f6659718f3918ae58",
        "type": "github"
      },
      "original": {
        "owner": "ravitemer",
        "repo": "mcp-hub",
        "type": "github"
      }
    },
    "mcp-hub-nvim": {
      "inputs": {
        "flake-parts": "flake-parts_2",
        "nixpkgs": "nixpkgs_2"
      },
      "locked": {
        "lastModified": 1750227497,
        "narHash": "sha256-t3OY4481cAK5T2XGILbTuXOrlbNCra5JHbwlHFhe7e4=",
        "owner": "ravitemer",
        "repo": "mcphub.nvim",
        "rev": "85a7a659fc82da1429a2241ab61e9ce07b3db374",
        "type": "github"
      },
      "original": {
        "owner": "ravitemer",
        "repo": "mcphub.nvim",
        "type": "github"
      }
    },
    "nixCats": {
      "locked": {
        "lastModified": 1750385661,
        "narHash": "sha256-JpIEf5IrOzMTjowkxB6kgh4AK3Dp9i/T9G4w2ZiKMgQ=",
        "owner": "BirdeeHub",
        "repo": "nixCats-nvim",
        "rev": "04379fef2fbd4c9d8f4c9a6203cef135ab0b1acd",
        "type": "github"
      },
      "original": {
        "owner": "BirdeeHub",
        "repo": "nixCats-nvim",
        "type": "github"
      }
    },
    "nixpkgs": {
      "locked": {
        "lastModified": 1743689281,
        "narHash": "sha256-y7Hg5lwWhEOgflEHRfzSH96BOt26LaYfrYWzZ+VoVdg=",
        "owner": "NixOS",
        "repo": "nixpkgs",
        "rev": "2bfc080955153be0be56724be6fa5477b4eefabb",
        "type": "github"
      },
      "original": {
        "owner": "NixOS",
        "ref": "nixpkgs-unstable",
        "repo": "nixpkgs",
        "type": "github"
      }
    },
    "nixpkgs-stable": {
      "locked": {
        "lastModified": 1750330365,
        "narHash": "sha256-hJ7XMNVsTnnbV2NPmStCC07gvv5l2x7+Skb7hyUzazg=",
        "owner": "nixos",
        "repo": "nixpkgs",
        "rev": "d883b6213afa179b58ba8bace834f1419707d0ad",
        "type": "github"
      },
      "original": {
        "owner": "nixos",
        "ref": "nixos-24.11",
        "repo": "nixpkgs",
        "type": "github"
      }
    },
    "nixpkgs_2": {
      "locked": {
        "lastModified": 1745377448,
        "narHash": "sha256-jhZDfXVKdD7TSEGgzFJQvEEZ2K65UMiqW5YJ2aIqxMA=",
        "owner": "nixos",
        "repo": "nixpkgs",
        "rev": "507b63021ada5fee621b6ca371c4fca9ca46f52c",
        "type": "github"
      },
      "original": {
        "owner": "nixos",
        "ref": "nixpkgs-unstable",
        "repo": "nixpkgs",
        "type": "github"
      }
    },
    "nixpkgs_3": {
      "locked": {
        "lastModified": 1750215678,
        "narHash": "sha256-Rc/ytpamXRf6z8UA2SGa4aaWxUXRbX2MAWIu2C8M+ok=",
        "owner": "nixos",
        "repo": "nixpkgs",
        "rev": "5395fb3ab3f97b9b7abca147249fa2e8ed27b192",
        "type": "github"
      },
      "original": {
        "owner": "nixos",
        "ref": "nixpkgs-unstable",
        "repo": "nixpkgs",
        "type": "github"
      }
    },
    "phpactor-laravel": {
      "flake": false,
      "locked": {
        "lastModified": 1744481407,
        "narHash": "sha256-FAe1ECEdqilWxvKYgjvH79cMHYZpMklvG1oFn0qJMNE=",
        "owner": "adalessa",
        "repo": "phpactor",
        "rev": "49d345a320148c13f1e78f6701a04f845a7509d8",
        "type": "github"
      },
      "original": {
        "owner": "adalessa",
        "ref": "feature/laravel-extension",
        "repo": "phpactor",
        "type": "github"
      }
    },
    "plugins-git-worktree.nvim": {
      "flake": false,
      "locked": {
        "lastModified": 1739627460,
        "narHash": "sha256-fnqJqQTNei+8Gk4vZ2hjRj8iHBXTZT15xp9FvhGB+BQ=",
        "owner": "polarmutex",
        "repo": "git-worktree.nvim",
        "rev": "3ad8c17a3d178ac19be925284389c14114638ebb",
        "type": "github"
      },
      "original": {
        "owner": "polarmutex",
        "repo": "git-worktree.nvim",
        "type": "github"
      }
    },
    "plugins-laravel.nvim": {
      "flake": false,
      "locked": {
        "lastModified": 1748321224,
        "narHash": "sha256-c7Y/aXzVeN60ExB5GO57cbFWOeiWQQ9GWsvSyT7nTX8=",
        "owner": "adalessa",
        "repo": "laravel.nvim",
        "rev": "d7d10d0da54bf147aa7268329c2772afe4e0f091",
        "type": "github"
      },
      "original": {
        "owner": "adalessa",
        "repo": "laravel.nvim",
        "type": "github"
      }
    },
    "plugins-menu": {
      "flake": false,
      "locked": {
        "lastModified": 1748784363,
        "narHash": "sha256-4GfQ6Mo32rsoQAXKZF9Bpnm/sms2hfbrTldpLp5ySoY=",
        "owner": "nvzone",
        "repo": "menu",
        "rev": "7a0a4a2896b715c066cfbe320bdc048091874cc6",
        "type": "github"
      },
      "original": {
        "owner": "nvzone",
        "repo": "menu",
        "type": "github"
      }
    },
    "plugins-neotest-pest": {
      "flake": false,
      "locked": {
        "lastModified": 1718118945,
        "narHash": "sha256-uSPrvZPCjBhoAYTnAUQdMZ/CSosyRkj4itSQDZgthZ4=",
        "owner": "V13Axel",
        "repo": "neotest-pest",
        "rev": "b665a4881c706eea476fcaf79a21996e9b65514d",
        "type": "github"
      },
      "original": {
        "owner": "V13Axel",
        "repo": "neotest-pest",
        "type": "github"
      }
    },
    "plugins-php-lsp-utils": {
      "flake": false,
      "locked": {
        "lastModified": 1744612476,
        "narHash": "sha256-fNtlsTwSUJ69cXOpjMIxD7sZdVgn+dMHdhrgn7VcuV8=",
        "owner": "adalessa",
        "repo": "php-lsp-utils",
        "rev": "02ce97a78fe886b7fc27242086034bf3be562f6a",
        "type": "github"
      },
      "original": {
        "owner": "adalessa",
        "repo": "php-lsp-utils",
        "type": "github"
      }
    },
    "plugins-pomodoro": {
      "flake": false,
      "locked": {
        "lastModified": 1748635503,
        "narHash": "sha256-S5ZzgIJLHlTzevtX+g63wO8Fna65OLt3lt1gISSxtiQ=",
        "owner": "adalessa",
        "repo": "pomodoro",
        "rev": "cfd82a4ab02f90f4a0fba1df3cbd47255732a6f2",
        "type": "github"
      },
      "original": {
        "owner": "adalessa",
        "repo": "pomodoro",
        "type": "github"
      }
    },
    "plugins-snacks.nvim": {
      "flake": false,
      "locked": {
        "lastModified": 1740868622,
        "narHash": "sha256-Gw0Bp2YeoESiBLs3NPnqke3xwEjuiQDDU1CPofrhtig=",
        "owner": "folke",
        "repo": "snacks.nvim",
        "rev": "bc0630e43be5699bb94dadc302c0d21615421d93",
        "type": "github"
      },
      "original": {
        "owner": "folke",
        "repo": "snacks.nvim",
        "type": "github"
      }
    },
    "plugins-volt": {
      "flake": false,
      "locked": {
        "lastModified": 1749727664,
        "narHash": "sha256-szq/QBI2Y6DKeqBuJ8qA4LlGYnarLT6D/fvwepIgSVc=",
        "owner": "nvzone",
        "repo": "volt",
        "rev": "7b8c5e790120d9f08c8487dcb80692db6d2087a1",
        "type": "github"
      },
      "original": {
        "owner": "nvzone",
        "repo": "volt",
        "type": "github"
      }
    },
    "root": {
      "inputs": {
        "blade-treesitter": "blade-treesitter",
        "mcp-hub": "mcp-hub",
        "mcp-hub-nvim": "mcp-hub-nvim",
        "nixCats": "nixCats",
        "nixpkgs": "nixpkgs_3",
        "nixpkgs-stable": "nixpkgs-stable",
        "phpactor-laravel": "phpactor-laravel",
        "plugins-git-worktree.nvim": "plugins-git-worktree.nvim",
        "plugins-laravel.nvim": "plugins-laravel.nvim",
        "plugins-menu": "plugins-menu",
        "plugins-neotest-pest": "plugins-neotest-pest",
        "plugins-php-lsp-utils": "plugins-php-lsp-utils",
        "plugins-pomodoro": "plugins-pomodoro",
        "plugins-snacks.nvim": "plugins-snacks.nvim",
        "plugins-volt": "plugins-volt"
      }
    }
  },
  "root": "root",
  "version": 7
}
